// !$*UTF8*$!
{
	archiveVersion = 1;
	classes = {
	};
	objectVersion = 46;
	objects = {

/* Begin PBXBuildFile section */
		06805C141B974B8C00851B0E /* AppDelegate.swift in Sources */ = {isa = PBXBuildFile; fileRef = 06805C131B974B8C00851B0E /* AppDelegate.swift */; };
		06805C161B974B8C00851B0E /* ViewController.swift in Sources */ = {isa = PBXBuildFile; fileRef = 06805C151B974B8C00851B0E /* ViewController.swift */; };
		06805C191B974B8C00851B0E /* Main.storyboard in Resources */ = {isa = PBXBuildFile; fileRef = 06805C171B974B8C00851B0E /* Main.storyboard */; };
		06805C1B1B974B8C00851B0E /* Images.xcassets in Resources */ = {isa = PBXBuildFile; fileRef = 06805C1A1B974B8C00851B0E /* Images.xcassets */; };
		06805C1E1B974B8C00851B0E /* LaunchScreen.xib in Resources */ = {isa = PBXBuildFile; fileRef = 06805C1C1B974B8C00851B0E /* LaunchScreen.xib */; };
		06805C2A1B974B8C00851B0E /* Hello_WorldTests.swift in Sources */ = {isa = PBXBuildFile; fileRef = 06805C291B974B8C00851B0E /* Hello_WorldTests.swift */; };
/* End PBXBuildFile section */

/* Begin PBXContainerItemProxy section */
		06805C241B974B8C00851B0E /* PBXContainerItemProxy */ = {
			isa = PBXContainerItemProxy;
			containerPortal = 06805C061B974B8C00851B0E /* Project object */;
			proxyType = 1;
			remoteGlobalIDString = 06805C0D1B974B8C00851B0E;
			remoteInfo = "Hello World";
		};
/* End PBXContainerItemProxy section */

/* Begin PBXFileReference section */
		06805C0E1B974B8C00851B0E /* Hello World.app */ = {isa = PBXFileReference; explicitFileType = wrapper.application; includeInIndex = 0; path = "Hello World.app"; sourceTree = BUILT_PRODUCTS_DIR; };
		06805C121B974B8C00851B0E /* Info.plist */ = {isa = PBXFileReference; lastKnownFileType = text.plist.xml; path = Info.plist; sourceTree = "<group>"; };
		06805C131B974B8C00851B0E /* AppDelegate.swift */ = {isa = PBXFileReference; lastKnownFileType = sourcecode.swift; path = AppDelegate.swift; sourceTree = "<group>"; };
		06805C151B974B8C00851B0E /* ViewController.swift */ = {isa = PBXFileReference; lastKnownFileType = sourcecode.swift; path = ViewController.swift; sourceTree = "<group>"; };
		06805C181B974B8C00851B0E /* Base */ = {isa = PBXFileReference; lastKnownFileType = file.storyboard; name = Base; path = Base.lproj/Main.storyboard; sourceTree = "<group>"; };
		06805C1A1B974B8C00851B0E /* Images.xcassets */ = {isa = PBXFileReference; lastKnownFileType = folder.assetcatalog; path = Images.xcassets; sourceTree = "<group>"; };
		06805C1D1B974B8C00851B0E /* Base */ = {isa = PBXFileReference; lastKnownFileType = file.xib; name = Base; path = Base.lproj/LaunchScreen.xib; sourceTree = "<group>"; };
		06805C231B974B8C00851B0E /* Hello WorldTests.xctest */ = {isa = PBXFileReference; explicitFileType = wrapper.cfbundle; includeInIndex = 0; path = "Hello WorldTests.xctest"; sourceTree = BUILT_PRODUCTS_DIR; };
		06805C281B974B8C00851B0E /* Info.plist */ = {isa = PBXFileReference; lastKnownFileType = text.plist.xml; path = Info.plist; sourceTree = "<group>"; };
		06805C291B974B8C00851B0E /* Hello_WorldTests.swift */ = {isa = PBXFileReference; lastKnownFileType = sourcecode.swift; path = Hello_WorldTests.swift; sourceTree = "<group>"; };
/* End PBXFileReference section */

/* Begin PBXFrameworksBuildPhase section */
		06805C0B1B974B8C00851B0E /* Frameworks */ = {
			isa = PBXFrameworksBuildPhase;
			buildActionMask = 2147483647;
			files = (
			);
			runOnlyForDeploymentPostprocessing = 0;
		};
		06805C201B974B8C00851B0E /* Frameworks */ = {
			isa = PBXFrameworksBuildPhase;
			buildActionMask = 2147483647;
			files = (
			);
			runOnlyForDeploymentPostprocessing = 0;
		};
/* End PBXFrameworksBuildPhase section */

/* Begin PBXGroup section */
		06805C051B974B8C00851B0E = {
			isa = PBXGroup;
			children = (
				06805C101B974B8C00851B0E /* Hello World */,
				06805C261B974B8C00851B0E /* Hello WorldTests */,
				06805C0F1B974B8C00851B0E /* Products */,
			);
			sourceTree = "<group>";
		};
		06805C0F1B974B8C00851B0E /* Products */ = {
			isa = PBXGroup;
			children = (
				06805C0E1B974B8C00851B0E /* Hello World.app */,
				06805C231B974B8C00851B0E /* Hello WorldTests.xctest */,
			);
			name = Products;
			sourceTree = "<group>";
		};
		06805C101B974B8C00851B0E /* Hello World */ = {
			isa = PBXGroup;
			children = (
				06805C131B974B8C00851B0E /* AppDelegate.swift */,
				06805C151B974B8C00851B0E /* ViewController.swift */,
				06805C171B974B8C00851B0E /* Main.storyboard */,
				06805C1A1B974B8C00851B0E /* Images.xcassets */,
				06805C1C1B974B8C00851B0E /* LaunchScreen.xib */,
				06805C111B974B8C00851B0E /* Supporting Files */,
			);
			path = "Hello World";
			sourceTree = "<group>";
		};
		06805C111B974B8C00851B0E /* Supporting Files */ = {
			isa = PBXGroup;
			children = (
				06805C121B974B8C00851B0E /* Info.plist */,
			);
			name = "Supporting Files";
			sourceTree = "<group>";
		};
		06805C261B974B8C00851B0E /* Hello WorldTests */ = {
			isa = PBXGroup;
			children = (
				06805C291B974B8C00851B0E /* Hello_WorldTests.swift */,
				06805C271B974B8C00851B0E /* Supporting Files */,
			);
			path = "Hello WorldTests";
			sourceTree = "<group>";
		};
		06805C271B974B8C00851B0E /* Supporting Files */ = {
			isa = PBXGroup;
			children = (
				06805C281B974B8C00851B0E /* Info.plist */,
			);
			name = "Supporting Files";
			sourceTree = "<group>";
		};
/* End PBXGroup section */

/* Begin PBXNativeTarget section */
		06805C0D1B974B8C00851B0E /* Hello World */ = {
			isa = PBXNativeTarget;
			buildConfigurationList = 06805C2D1B974B8C00851B0E /* Build configuration list for PBXNativeTarget "Hello World" */;
			buildPhases = (
				06805C0A1B974B8C00851B0E /* Sources */,
				06805C0B1B974B8C00851B0E /* Frameworks */,
				06805C0C1B974B8C00851B0E /* Resources */,
			);
			buildRules = (
			);
			dependencies = (
			);
			name = "Hello World";
			productName = "Hello World";
			productReference = 06805C0E1B974B8C00851B0E /* Hello World.app */;
			productType = "com.apple.product-type.application";
		};
		06805C221B974B8C00851B0E /* Hello WorldTests */ = {
			isa = PBXNativeTarget;
			buildConfigurationList = 06805C301B974B8C00851B0E /* Build configuration list for PBXNativeTarget "Hello WorldTests" */;
			buildPhases = (
				06805C1F1B974B8C00851B0E /* Sources */,
				06805C201B974B8C00851B0E /* Frameworks */,
				06805C211B974B8C00851B0E /* Resources */,
			);
			buildRules = (
			);
			dependencies = (
				06805C251B974B8C00851B0E /* PBXTargetDependency */,
			);
			name = "Hello WorldTests";
			productName = "Hello WorldTests";
			productReference = 06805C231B974B8C00851B0E /* Hello WorldTests.xctest */;
			productType = "com.apple.product-type.bundle.unit-test";
		};
/* End PBXNativeTarget section */

/* Begin PBXProject section */
		06805C061B974B8C00851B0E /* Project object */ = {
			isa = PBXProject;
			attributes = {
				LastSwiftUpdateCheck = 0700;
				LastUpgradeCheck = 0700;
				ORGANIZATIONNAME = "Sean Tesch";
				TargetAttributes = {
					06805C0D1B974B8C00851B0E = {
						CreatedOnToolsVersion = 6.4;
						DevelopmentTeam = 574BASQ9QP;
					};
					06805C221B974B8C00851B0E = {
						CreatedOnToolsVersion = 6.4;
						TestTargetID = 06805C0D1B974B8C00851B0E;
					};
				};
			};
			buildConfigurationList = 06805C091B974B8C00851B0E /* Build configuration list for PBXProject "Hello World" */;
			compatibilityVersion = "Xcode 3.2";
			developmentRegion = English;
			hasScannedForEncodings = 0;
			knownRegions = (
				en,
				Base,
			);
			mainGroup = 06805C051B974B8C00851B0E;
			productRefGroup = 06805C0F1B974B8C00851B0E /* Products */;
			projectDirPath = "";
			projectRoot = "";
			targets = (
				06805C0D1B974B8C00851B0E /* Hello World */,
				06805C221B974B8C00851B0E /* Hello WorldTests */,
			);
		};
/* End PBXProject section */

/* Begin PBXResourcesBuildPhase section */
		06805C0C1B974B8C00851B0E /* Resources */ = {
			isa = PBXResourcesBuildPhase;
			buildActionMask = 2147483647;
			files = (
				06805C191B974B8C00851B0E /* Main.storyboard in Resources */,
				06805C1E1B974B8C00851B0E /* LaunchScreen.xib in Resources */,
				06805C1B1B974B8C00851B0E /* Images.xcassets in Resources */,
			);
			runOnlyForDeploymentPostprocessing = 0;
		};
		06805C211B974B8C00851B0E /* Resources */ = {
			isa = PBXResourcesBuildPhase;
			buildActionMask = 2147483647;
			files = (
			);
			runOnlyForDeploymentPostprocessing = 0;
		};
/* End PBXResourcesBuildPhase section */

/* Begin PBXSourcesBuildPhase section */
		06805C0A1B974B8C00851B0E /* Sources */ = {
			isa = PBXSourcesBuildPhase;
			buildActionMask = 2147483647;
			files = (
				06805C161B974B8C00851B0E /* ViewController.swift in Sources */,
				06805C141B974B8C00851B0E /* AppDelegate.swift in Sources */,
			);
			runOnlyForDeploymentPostprocessing = 0;
		};
		06805C1F1B974B8C00851B0E /* Sources */ = {
			isa = PBXSourcesBuildPhase;
			buildActionMask = 2147483647;
			files = (
				06805C2A1B974B8C00851B0E /* Hello_WorldTests.swift in Sources */,
			);
			runOnlyForDeploymentPostprocessing = 0;
		};
/* End PBXSourcesBuildPhase section */

/* Begin PBXTargetDependency section */
		06805C251B974B8C00851B0E /* PBXTargetDependency */ = {
			isa = PBXTargetDependency;
			target = 06805C0D1B974B8C00851B0E /* Hello World */;
			targetProxy = 06805C241B974B8C00851B0E /* PBXContainerItemProxy */;
		};
/* End PBXTargetDependency section */

/* Begin PBXVariantGroup section */
		06805C171B974B8C00851B0E /* Main.storyboard */ = {
			isa = PBXVariantGroup;
			children = (
				06805C181B974B8C00851B0E /* Base */,
			);
			name = Main.storyboard;
			sourceTree = "<group>";
		};
		06805C1C1B974B8C00851B0E /* LaunchScreen.xib */ = {
			isa = PBXVariantGroup;
			children = (
				06805C1D1B974B8C00851B0E /* Base */,
			);
			name = LaunchScreen.xib;
			sourceTree = "<group>";
		};
/* End PBXVariantGroup section */

/* Begin XCBuildConfiguration section */
		06805C2B1B974B8C00851B0E /* Debug */ = {
			isa = XCBuildConfiguration;
			buildSettings = {
				ALWAYS_SEARCH_USER_PATHS = NO;
				CLANG_CXX_LANGUAGE_STANDARD = "gnu++0x";
				CLANG_CXX_LIBRARY = "libc++";
				CLANG_ENABLE_MODULES = YES;
				CLANG_ENABLE_OBJC_ARC = YES;
				CLANG_WARN_BOOL_CONVERSION = YES;
				CLANG_WARN_CONSTANT_CONVERSION = YES;
				CLANG_WARN_DIRECT_OBJC_ISA_USAGE = YES_ERROR;
				CLANG_WARN_EMPTY_BODY = YES;
				CLANG_WARN_ENUM_CONVERSION = YES;
				CLANG_WARN_INT_CONVERSION = YES;
				CLANG_WARN_OBJC_ROOT_CLASS = YES_ERROR;
				CLANG_WARN_UNREACHABLE_CODE = YES;
				CLANG_WARN__DUPLICATE_METHOD_MATCH = YES;
				"CODE_SIGN_IDENTITY[sdk=iphoneos*]" = "iPhone Developer";
				COPY_PHASE_STRIP = NO;
				DEBUG_INFORMATION_FORMAT = "dwarf-with-dsym";
				ENABLE_STRICT_OBJC_MSGSEND = YES;
				ENABLE_TESTABILITY = YES;
				GCC_C_LANGUAGE_STANDARD = gnu99;
				GCC_DYNAMIC_NO_PIC = NO;
				GCC_NO_COMMON_BLOCKS = YES;
				GCC_OPTIMIZATION_LEVEL = 0;
				GCC_PREPROCESSOR_DEFINITIONS = (
					"DEBUG=1",
					"$(inherited)",
				);
				GCC_SYMBOLS_PRIVATE_EXTERN = NO;
				GCC_WARN_64_TO_32_BIT_CONVERSION = YES;
				GCC_WARN_ABOUT_RETURN_TYPE = YES_ERROR;
				GCC_WARN_UNDECLARED_SELECTOR = YES;
				GCC_WARN_UNINITIALIZED_AUTOS = YES_AGGRESSIVE;
				GCC_WARN_UNUSED_FUNCTION = YES;
				GCC_WARN_UNUSED_VARIABLE = YES;
				IPHONEOS_DEPLOYMENT_TARGET = 8.4;
				MTL_ENABLE_DEBUG_INFO = YES;
				ONLY_ACTIVE_ARCH = YES;
				SDKROOT = iphoneos;
				SWIFT_OPTIMIZATION_LEVEL = "-Onone";
			};
			name = Debug;
		};
		06805C2C1B974B8C00851B0E /* Release */ = {
			isa = XCBuildConfiguration;
			buildSettings = {
				ALWAYS_SEARCH_USER_PATHS = NO;
				CLANG_CXX_LANGUAGE_STANDARD = "gnu++0x";
				CLANG_CXX_LIBRARY = "libc++";
				CLANG_ENABLE_MODULES = YES;
				CLANG_ENABLE_OBJC_ARC = YES;
				CLANG_WARN_BOOL_CONVERSION = YES;
				CLANG_WARN_CONSTANT_CONVERSION = YES;
				CLANG_WARN_DIRECT_OBJC_ISA_USAGE = YES_ERROR;
				CLANG_WARN_EMPTY_BODY = YES;
				CLANG_WARN_ENUM_CONVERSION = YES;
				CLANG_WARN_INT_CONVERSION = YES;
				CLANG_WARN_OBJC_ROOT_CLASS = YES_ERROR;
				CLANG_WARN_UNREACHABLE_CODE = YES;
				CLANG_WARN__DUPLICATE_METHOD_MATCH = YES;
				"CODE_SIGN_IDENTITY[sdk=iphoneos*]" = "iPhone Developer";
				COPY_PHASE_STRIP = NO;
				DEBUG_INFORMATION_FORMAT = "dwarf-with-dsym";
				ENABLE_NS_ASSERTIONS = NO;
				ENABLE_STRICT_OBJC_MSGSEND = YES;
				GCC_C_LANGUAGE_STANDARD = gnu99;
				GCC_NO_COMMON_BLOCKS = YES;
				GCC_WARN_64_TO_32_BIT_CONVERSION = YES;
				GCC_WARN_ABOUT_RETURN_TYPE = YES_ERROR;
				GCC_WARN_UNDECLARED_SELECTOR = YES;
				GCC_WARN_UNINITIALIZED_AUTOS = YES_AGGRESSIVE;
				GCC_WARN_UNUSED_FUNCTION = YES;
				GCC_WARN_UNUSED_VARIABLE = YES;
				IPHONEOS_DEPLOYMENT_TARGET = 8.4;
				MTL_ENABLE_DEBUG_INFO = NO;
				SDKROOT = iphoneos;
				VALIDATE_PRODUCT = YES;
			};
			name = Release;
		};
		06805C2E1B974B8C00851B0E /* Debug */ = {
			isa = XCBuildConfiguration;
			buildSettings = {
				ASSETCATALOG_COMPILER_APPICON_NAME = AppIcon;
				CODE_SIGN_IDENTITY = "iPhone Developer";
				"CODE_SIGN_IDENTITY[sdk=iphoneos*]" = "iPhone Developer";
				INFOPLIST_FILE = "Hello World/Info.plist";
				LD_RUNPATH_SEARCH_PATHS = "$(inherited) @executable_path/Frameworks";
				PRODUCT_BUNDLE_IDENTIFIER = "edu.lssu.$(PRODUCT_NAME:rfc1034identifier)";
				PRODUCT_NAME = "$(TARGET_NAME)";
				PROVISIONING_PROFILE = "";
			};
			name = Debug;
		};
		06805C2F1B974B8C00851B0E /* Release */ = {
			isa = XCBuildConfiguration;
			buildSettings = {
				ASSETCATALOG_COMPILER_APPICON_NAME = AppIcon;
				CODE_SIGN_IDENTITY = "iPhone Developer";
				"CODE_SIGN_IDENTITY[sdk=iphoneos*]" = "iPhone Developer";
				INFOPLIST_FILE = "Hello World/Info.plist";
				LD_RUNPATH_SEARCH_PATHS = "$(inherited) @executable_path/Frameworks";
				PRODUCT_BUNDLE_IDENTIFIER = "edu.lssu.$(PRODUCT_NAME:rfc1034identifier)";
				PRODUCT_NAME = "$(TARGET_NAME)";
				PROVISIONING_PROFILE = "";
			};
			name = Release;
		};
		06805C311B974B8C00851B0E /* Debug */ = {
			isa = XCBuildConfiguration;
			buildSettings = {
				BUNDLE_LOADER = "$(TEST_HOST)";
				FRAMEWORK_SEARCH_PATHS = (
					"$(SDKROOT)/Developer/Library/Frameworks",
					"$(inherited)",
				);
				GCC_PREPROCESSOR_DEFINITIONS = (
					"DEBUG=1",
					"$(inherited)",
				);
				INFOPLIST_FILE = "Hello WorldTests/Info.plist";
				LD_RUNPATH_SEARCH_PATHS = "$(inherited) @executable_path/Frameworks @loader_path/Frameworks";
				PRODUCT_BUNDLE_IDENTIFIER = "edu.lssu.$(PRODUCT_NAME:rfc1034identifier)";
				PRODUCT_NAME = "$(TARGET_NAME)";
				TEST_HOST = "$(BUILT_PRODUCTS_DIR)/Hello World.app/Hello World";
			};
			name = Debug;
		};
		06805C321B974B8C00851B0E /* Release */ = {
			isa = XCBuildConfiguration;
			buildSettings = {
				BUNDLE_LOADER = "$(TEST_HOST)";
				FRAMEWORK_SEARCH_PATHS = (
					"$(SDKROOT)/Developer/Library/Frameworks",
					"$(inherited)",
				);
				INFOPLIST_FILE = "Hello WorldTests/Info.plist";
				LD_RUNPATH_SEARCH_PATHS = "$(inherited) @executable_path/Frameworks @loader_path/Frameworks";
				PRODUCT_BUNDLE_IDENTIFIER = "edu.lssu.$(PRODUCT_NAME:rfc1034identifier)";
				PRODUCT_NAME = "$(TARGET_NAME)";
				TEST_HOST = "$(BUILT_PRODUCTS_DIR)/Hello World.app/Hello World";
			};
			name = Release;
		};
/* End XCBuildConfiguration section */

/* Begin XCConfigurationList section */
		06805C091B974B8C00851B0E /* Build configuration list for PBXProject "Hello World" */ = {
			isa = XCConfigurationList;
			buildConfigurations = (
				06805C2B1B974B8C00851B0E /* Debug */,
				06805C2C1B974B8C00851B0E /* Release */,
			);
			defaultConfigurationIsVisible = 0;
			defaultConfigurationName = Release;
		};
		06805C2D1B974B8C00851B0E /* Build configuration list for PBXNativeTarget "Hello World" */ = {
			isa = XCConfigurationList;
			buildConfigurations = (
				06805C2E1B974B8C00851B0E /* Debug */,
				06805C2F1B974B8C00851B0E /* Release */,
			);
			defaultConfigurationIsVisible = 0;
			defaultConfigurationName = Release;
		};
		06805C301B974B8C00851B0E /* Build configuration list for PBXNativeTarget "Hello WorldTests" */ = {
			isa = XCConfigurationList;
			buildConfigurations = (
				06805C311B974B8C00851B0E /* Debug */,
				06805C321B974B8C00851B0E /* Release */,
			);
			defaultConfigurationIsVisible = 0;
			defaultConfigurationName = Release;
		};
/* End XCConfigurationList section */
	};
	rootObject = 06805C061B974B8C00851B0E /* Project object */;
}
