// !$*UTF8*$!
{
	archiveVersion = 1;
	classes = {
	};
	objectVersion = 46;
	objects = {

/* Begin PBXBuildFile section */
		063F3DB41BB59DBD00733BA3 /* AppDelegate.swift in Sources */ = {isa = PBXBuildFile; fileRef = 063F3DB31BB59DBD00733BA3 /* AppDelegate.swift */; };
		063F3DB61BB59DBD00733BA3 /* ViewController.swift in Sources */ = {isa = PBXBuildFile; fileRef = 063F3DB51BB59DBD00733BA3 /* ViewController.swift */; };
		063F3DB91BB59DBD00733BA3 /* Main.storyboard in Resources */ = {isa = PBXBuildFile; fileRef = 063F3DB71BB59DBD00733BA3 /* Main.storyboard */; };
		063F3DBB1BB59DBD00733BA3 /* Assets.xcassets in Resources */ = {isa = PBXBuildFile; fileRef = 063F3DBA1BB59DBD00733BA3 /* Assets.xcassets */; };
		063F3DBE1BB59DBD00733BA3 /* LaunchScreen.storyboard in Resources */ = {isa = PBXBuildFile; fileRef = 063F3DBC1BB59DBD00733BA3 /* LaunchScreen.storyboard */; };
		063F3DC91BB59DBD00733BA3 /* Web_ViewTests.swift in Sources */ = {isa = PBXBuildFile; fileRef = 063F3DC81BB59DBD00733BA3 /* Web_ViewTests.swift */; };
		063F3DD41BB59DBD00733BA3 /* Web_ViewUITests.swift in Sources */ = {isa = PBXBuildFile; fileRef = 063F3DD31BB59DBD00733BA3 /* Web_ViewUITests.swift */; };
/* End PBXBuildFile section */

/* Begin PBXContainerItemProxy section */
		063F3DC51BB59DBD00733BA3 /* PBXContainerItemProxy */ = {
			isa = PBXContainerItemProxy;
			containerPortal = 063F3DA81BB59DBD00733BA3 /* Project object */;
			proxyType = 1;
			remoteGlobalIDString = 063F3DAF1BB59DBD00733BA3;
			remoteInfo = "Web View";
		};
		063F3DD01BB59DBD00733BA3 /* PBXContainerItemProxy */ = {
			isa = PBXContainerItemProxy;
			containerPortal = 063F3DA81BB59DBD00733BA3 /* Project object */;
			proxyType = 1;
			remoteGlobalIDString = 063F3DAF1BB59DBD00733BA3;
			remoteInfo = "Web View";
		};
/* End PBXContainerItemProxy section */

/* Begin PBXFileReference section */
		063F3DB01BB59DBD00733BA3 /* Web View.app */ = {isa = PBXFileReference; explicitFileType = wrapper.application; includeInIndex = 0; path = "Web View.app"; sourceTree = BUILT_PRODUCTS_DIR; };
		063F3DB31BB59DBD00733BA3 /* AppDelegate.swift */ = {isa = PBXFileReference; lastKnownFileType = sourcecode.swift; path = AppDelegate.swift; sourceTree = "<group>"; };
		063F3DB51BB59DBD00733BA3 /* ViewController.swift */ = {isa = PBXFileReference; lastKnownFileType = sourcecode.swift; path = ViewController.swift; sourceTree = "<group>"; };
		063F3DB81BB59DBD00733BA3 /* Base */ = {isa = PBXFileReference; lastKnownFileType = file.storyboard; name = Base; path = Base.lproj/Main.storyboard; sourceTree = "<group>"; };
		063F3DBA1BB59DBD00733BA3 /* Assets.xcassets */ = {isa = PBXFileReference; lastKnownFileType = folder.assetcatalog; path = Assets.xcassets; sourceTree = "<group>"; };
		063F3DBD1BB59DBD00733BA3 /* Base */ = {isa = PBXFileReference; lastKnownFileType = file.storyboard; name = Base; path = Base.lproj/LaunchScreen.storyboard; sourceTree = "<group>"; };
		063F3DBF1BB59DBD00733BA3 /* Info.plist */ = {isa = PBXFileReference; lastKnownFileType = text.plist.xml; path = Info.plist; sourceTree = "<group>"; };
		063F3DC41BB59DBD00733BA3 /* Web ViewTests.xctest */ = {isa = PBXFileReference; explicitFileType = wrapper.cfbundle; includeInIndex = 0; path = "Web ViewTests.xctest"; sourceTree = BUILT_PRODUCTS_DIR; };
		063F3DC81BB59DBD00733BA3 /* Web_ViewTests.swift */ = {isa = PBXFileReference; lastKnownFileType = sourcecode.swift; path = Web_ViewTests.swift; sourceTree = "<group>"; };
		063F3DCA1BB59DBD00733BA3 /* Info.plist */ = {isa = PBXFileReference; lastKnownFileType = text.plist.xml; path = Info.plist; sourceTree = "<group>"; };
		063F3DCF1BB59DBD00733BA3 /* Web ViewUITests.xctest */ = {isa = PBXFileReference; explicitFileType = wrapper.cfbundle; includeInIndex = 0; path = "Web ViewUITests.xctest"; sourceTree = BUILT_PRODUCTS_DIR; };
		063F3DD31BB59DBD00733BA3 /* Web_ViewUITests.swift */ = {isa = PBXFileReference; lastKnownFileType = sourcecode.swift; path = Web_ViewUITests.swift; sourceTree = "<group>"; };
		063F3DD51BB59DBD00733BA3 /* Info.plist */ = {isa = PBXFileReference; lastKnownFileType = text.plist.xml; path = Info.plist; sourceTree = "<group>"; };
/* End PBXFileReference section */

/* Begin PBXFrameworksBuildPhase section */
		063F3DAD1BB59DBD00733BA3 /* Frameworks */ = {
			isa = PBXFrameworksBuildPhase;
			buildActionMask = 2147483647;
			files = (
			);
			runOnlyForDeploymentPostprocessing = 0;
		};
		063F3DC11BB59DBD00733BA3 /* Frameworks */ = {
			isa = PBXFrameworksBuildPhase;
			buildActionMask = 2147483647;
			files = (
			);
			runOnlyForDeploymentPostprocessing = 0;
		};
		063F3DCC1BB59DBD00733BA3 /* Frameworks */ = {
			isa = PBXFrameworksBuildPhase;
			buildActionMask = 2147483647;
			files = (
			);
			runOnlyForDeploymentPostprocessing = 0;
		};
/* End PBXFrameworksBuildPhase section */

/* Begin PBXGroup section */
		063F3DA71BB59DBD00733BA3 = {
			isa = PBXGroup;
			children = (
				063F3DB21BB59DBD00733BA3 /* Web View */,
				063F3DC71BB59DBD00733BA3 /* Web ViewTests */,
				063F3DD21BB59DBD00733BA3 /* Web ViewUITests */,
				063F3DB11BB59DBD00733BA3 /* Products */,
			);
			sourceTree = "<group>";
		};
		063F3DB11BB59DBD00733BA3 /* Products */ = {
			isa = PBXGroup;
			children = (
				063F3DB01BB59DBD00733BA3 /* Web View.app */,
				063F3DC41BB59DBD00733BA3 /* Web ViewTests.xctest */,
				063F3DCF1BB59DBD00733BA3 /* Web ViewUITests.xctest */,
			);
			name = Products;
			sourceTree = "<group>";
		};
		063F3DB21BB59DBD00733BA3 /* Web View */ = {
			isa = PBXGroup;
			children = (
				063F3DB31BB59DBD00733BA3 /* AppDelegate.swift */,
				063F3DB51BB59DBD00733BA3 /* ViewController.swift */,
				063F3DB71BB59DBD00733BA3 /* Main.storyboard */,
				063F3DBA1BB59DBD00733BA3 /* Assets.xcassets */,
				063F3DBC1BB59DBD00733BA3 /* LaunchScreen.storyboard */,
				063F3DBF1BB59DBD00733BA3 /* Info.plist */,
			);
			path = "Web View";
			sourceTree = "<group>";
		};
		063F3DC71BB59DBD00733BA3 /* Web ViewTests */ = {
			isa = PBXGroup;
			children = (
				063F3DC81BB59DBD00733BA3 /* Web_ViewTests.swift */,
				063F3DCA1BB59DBD00733BA3 /* Info.plist */,
			);
			path = "Web ViewTests";
			sourceTree = "<group>";
		};
		063F3DD21BB59DBD00733BA3 /* Web ViewUITests */ = {
			isa = PBXGroup;
			children = (
				063F3DD31BB59DBD00733BA3 /* Web_ViewUITests.swift */,
				063F3DD51BB59DBD00733BA3 /* Info.plist */,
			);
			path = "Web ViewUITests";
			sourceTree = "<group>";
		};
/* End PBXGroup section */

/* Begin PBXNativeTarget section */
		063F3DAF1BB59DBD00733BA3 /* Web View */ = {
			isa = PBXNativeTarget;
			buildConfigurationList = 063F3DD81BB59DBD00733BA3 /* Build configuration list for PBXNativeTarget "Web View" */;
			buildPhases = (
				063F3DAC1BB59DBD00733BA3 /* Sources */,
				063F3DAD1BB59DBD00733BA3 /* Frameworks */,
				063F3DAE1BB59DBD00733BA3 /* Resources */,
			);
			buildRules = (
			);
			dependencies = (
			);
			name = "Web View";
			productName = "Web View";
			productReference = 063F3DB01BB59DBD00733BA3 /* Web View.app */;
			productType = "com.apple.product-type.application";
		};
		063F3DC31BB59DBD00733BA3 /* Web ViewTests */ = {
			isa = PBXNativeTarget;
			buildConfigurationList = 063F3DDB1BB59DBD00733BA3 /* Build configuration list for PBXNativeTarget "Web ViewTests" */;
			buildPhases = (
				063F3DC01BB59DBD00733BA3 /* Sources */,
				063F3DC11BB59DBD00733BA3 /* Frameworks */,
				063F3DC21BB59DBD00733BA3 /* Resources */,
			);
			buildRules = (
			);
			dependencies = (
				063F3DC61BB59DBD00733BA3 /* PBXTargetDependency */,
			);
			name = "Web ViewTests";
			productName = "Web ViewTests";
			productReference = 063F3DC41BB59DBD00733BA3 /* Web ViewTests.xctest */;
			productType = "com.apple.product-type.bundle.unit-test";
		};
		063F3DCE1BB59DBD00733BA3 /* Web ViewUITests */ = {
			isa = PBXNativeTarget;
			buildConfigurationList = 063F3DDE1BB59DBD00733BA3 /* Build configuration list for PBXNativeTarget "Web ViewUITests" */;
			buildPhases = (
				063F3DCB1BB59DBD00733BA3 /* Sources */,
				063F3DCC1BB59DBD00733BA3 /* Frameworks */,
				063F3DCD1BB59DBD00733BA3 /* Resources */,
			);
			buildRules = (
			);
			dependencies = (
				063F3DD11BB59DBD00733BA3 /* PBXTargetDependency */,
			);
			name = "Web ViewUITests";
			productName = "Web ViewUITests";
			productReference = 063F3DCF1BB59DBD00733BA3 /* Web ViewUITests.xctest */;
			productType = "com.apple.product-type.bundle.ui-testing";
		};
/* End PBXNativeTarget section */

/* Begin PBXProject section */
		063F3DA81BB59DBD00733BA3 /* Project object */ = {
			isa = PBXProject;
			attributes = {
				LastUpgradeCheck = 0700;
				ORGANIZATIONNAME = "Sean Tesch";
				TargetAttributes = {
					063F3DAF1BB59DBD00733BA3 = {
						CreatedOnToolsVersion = 7.0;
						DevelopmentTeam = 574BASQ9QP;
					};
					063F3DC31BB59DBD00733BA3 = {
						CreatedOnToolsVersion = 7.0;
						TestTargetID = 063F3DAF1BB59DBD00733BA3;
					};
					063F3DCE1BB59DBD00733BA3 = {
						CreatedOnToolsVersion = 7.0;
						TestTargetID = 063F3DAF1BB59DBD00733BA3;
					};
				};
			};
			buildConfigurationList = 063F3DAB1BB59DBD00733BA3 /* Build configuration list for PBXProject "Web View" */;
			compatibilityVersion = "Xcode 3.2";
			developmentRegion = English;
			hasScannedForEncodings = 0;
			knownRegions = (
				en,
				Base,
			);
			mainGroup = 063F3DA71BB59DBD00733BA3;
			productRefGroup = 063F3DB11BB59DBD00733BA3 /* Products */;
			projectDirPath = "";
			projectRoot = "";
			targets = (
				063F3DAF1BB59DBD00733BA3 /* Web View */,
				063F3DC31BB59DBD00733BA3 /* Web ViewTests */,
				063F3DCE1BB59DBD00733BA3 /* Web ViewUITests */,
			);
		};
/* End PBXProject section */

/* Begin PBXResourcesBuildPhase section */
		063F3DAE1BB59DBD00733BA3 /* Resources */ = {
			isa = PBXResourcesBuildPhase;
			buildActionMask = 2147483647;
			files = (
				063F3DBE1BB59DBD00733BA3 /* LaunchScreen.storyboard in Resources */,
				063F3DBB1BB59DBD00733BA3 /* Assets.xcassets in Resources */,
				063F3DB91BB59DBD00733BA3 /* Main.storyboard in Resources */,
			);
			runOnlyForDeploymentPostprocessing = 0;
		};
		063F3DC21BB59DBD00733BA3 /* Resources */ = {
			isa = PBXResourcesBuildPhase;
			buildActionMask = 2147483647;
			files = (
			);
			runOnlyForDeploymentPostprocessing = 0;
		};
		063F3DCD1BB59DBD00733BA3 /* Resources */ = {
			isa = PBXResourcesBuildPhase;
			buildActionMask = 2147483647;
			files = (
			);
			runOnlyForDeploymentPostprocessing = 0;
		};
/* End PBXResourcesBuildPhase section */

/* Begin PBXSourcesBuildPhase section */
		063F3DAC1BB59DBD00733BA3 /* Sources */ = {
			isa = PBXSourcesBuildPhase;
			buildActionMask = 2147483647;
			files = (
				063F3DB61BB59DBD00733BA3 /* ViewController.swift in Sources */,
				063F3DB41BB59DBD00733BA3 /* AppDelegate.swift in Sources */,
			);
			runOnlyForDeploymentPostprocessing = 0;
		};
		063F3DC01BB59DBD00733BA3 /* Sources */ = {
			isa = PBXSourcesBuildPhase;
			buildActionMask = 2147483647;
			files = (
				063F3DC91BB59DBD00733BA3 /* Web_ViewTests.swift in Sources */,
			);
			runOnlyForDeploymentPostprocessing = 0;
		};
		063F3DCB1BB59DBD00733BA3 /* Sources */ = {
			isa = PBXSourcesBuildPhase;
			buildActionMask = 2147483647;
			files = (
				063F3DD41BB59DBD00733BA3 /* Web_ViewUITests.swift in Sources */,
			);
			runOnlyForDeploymentPostprocessing = 0;
		};
/* End PBXSourcesBuildPhase section */

/* Begin PBXTargetDependency section */
		063F3DC61BB59DBD00733BA3 /* PBXTargetDependency */ = {
			isa = PBXTargetDependency;
			target = 063F3DAF1BB59DBD00733BA3 /* Web View */;
			targetProxy = 063F3DC51BB59DBD00733BA3 /* PBXContainerItemProxy */;
		};
		063F3DD11BB59DBD00733BA3 /* PBXTargetDependency */ = {
			isa = PBXTargetDependency;
			target = 063F3DAF1BB59DBD00733BA3 /* Web View */;
			targetProxy = 063F3DD01BB59DBD00733BA3 /* PBXContainerItemProxy */;
		};
/* End PBXTargetDependency section */

/* Begin PBXVariantGroup section */
		063F3DB71BB59DBD00733BA3 /* Main.storyboard */ = {
			isa = PBXVariantGroup;
			children = (
				063F3DB81BB59DBD00733BA3 /* Base */,
			);
			name = Main.storyboard;
			sourceTree = "<group>";
		};
		063F3DBC1BB59DBD00733BA3 /* LaunchScreen.storyboard */ = {
			isa = PBXVariantGroup;
			children = (
				063F3DBD1BB59DBD00733BA3 /* Base */,
			);
			name = LaunchScreen.storyboard;
			sourceTree = "<group>";
		};
/* End PBXVariantGroup section */

/* Begin XCBuildConfiguration section */
		063F3DD61BB59DBD00733BA3 /* Debug */ = {
			isa = XCBuildConfiguration;
			buildSettings = {
				ALWAYS_SEARCH_USER_PATHS = NO;
				CLANG_CXX_LANGUAGE_STANDARD = "gnu++0x";
				CLANG_CXX_LIBRARY = "libc++";
				CLANG_ENABLE_MODULES = YES;
				CLANG_ENABLE_OBJC_ARC = YES;
				CLANG_WARN_BOOL_CONVERSION = YES;
				CLANG_WARN_CONSTANT_CONVERSION = YES;
				CLANG_WARN_DIRECT_OBJC_ISA_USAGE = YES_ERROR;
				CLANG_WARN_EMPTY_BODY = YES;
				CLANG_WARN_ENUM_CONVERSION = YES;
				CLANG_WARN_INT_CONVERSION = YES;
				CLANG_WARN_OBJC_ROOT_CLASS = YES_ERROR;
				CLANG_WARN_UNREACHABLE_CODE = YES;
				CLANG_WARN__DUPLICATE_METHOD_MATCH = YES;
				"CODE_SIGN_IDENTITY[sdk=iphoneos*]" = "iPhone Developer";
				COPY_PHASE_STRIP = NO;
				DEBUG_INFORMATION_FORMAT = dwarf;
				ENABLE_STRICT_OBJC_MSGSEND = YES;
				ENABLE_TESTABILITY = YES;
				GCC_C_LANGUAGE_STANDARD = gnu99;
				GCC_DYNAMIC_NO_PIC = NO;
				GCC_NO_COMMON_BLOCKS = YES;
				GCC_OPTIMIZATION_LEVEL = 0;
				GCC_PREPROCESSOR_DEFINITIONS = (
					"DEBUG=1",
					"$(inherited)",
				);
				GCC_WARN_64_TO_32_BIT_CONVERSION = YES;
				GCC_WARN_ABOUT_RETURN_TYPE = YES_ERROR;
				GCC_WARN_UNDECLARED_SELECTOR = YES;
				GCC_WARN_UNINITIALIZED_AUTOS = YES_AGGRESSIVE;
				GCC_WARN_UNUSED_FUNCTION = YES;
				GCC_WARN_UNUSED_VARIABLE = YES;
				IPHONEOS_DEPLOYMENT_TARGET = 9.0;
				MTL_ENABLE_DEBUG_INFO = YES;
				ONLY_ACTIVE_ARCH = YES;
				SDKROOT = iphoneos;
				SWIFT_OPTIMIZATION_LEVEL = "-Onone";
			};
			name = Debug;
		};
		063F3DD71BB59DBD00733BA3 /* Release */ = {
			isa = XCBuildConfiguration;
			buildSettings = {
				ALWAYS_SEARCH_USER_PATHS = NO;
				CLANG_CXX_LANGUAGE_STANDARD = "gnu++0x";
				CLANG_CXX_LIBRARY = "libc++";
				CLANG_ENABLE_MODULES = YES;
				CLANG_ENABLE_OBJC_ARC = YES;
				CLANG_WARN_BOOL_CONVERSION = YES;
				CLANG_WARN_CONSTANT_CONVERSION = YES;
				CLANG_WARN_DIRECT_OBJC_ISA_USAGE = YES_ERROR;
				CLANG_WARN_EMPTY_BODY = YES;
				CLANG_WARN_ENUM_CONVERSION = YES;
				CLANG_WARN_INT_CONVERSION = YES;
				CLANG_WARN_OBJC_ROOT_CLASS = YES_ERROR;
				CLANG_WARN_UNREACHABLE_CODE = YES;
				CLANG_WARN__DUPLICATE_METHOD_MATCH = YES;
				"CODE_SIGN_IDENTITY[sdk=iphoneos*]" = "iPhone Developer";
				COPY_PHASE_STRIP = NO;
				DEBUG_INFORMATION_FORMAT = "dwarf-with-dsym";
				ENABLE_NS_ASSERTIONS = NO;
				ENABLE_STRICT_OBJC_MSGSEND = YES;
				GCC_C_LANGUAGE_STANDARD = gnu99;
				GCC_NO_COMMON_BLOCKS = YES;
				GCC_WARN_64_TO_32_BIT_CONVERSION = YES;
				GCC_WARN_ABOUT_RETURN_TYPE = YES_ERROR;
				GCC_WARN_UNDECLARED_SELECTOR = YES;
				GCC_WARN_UNINITIALIZED_AUTOS = YES_AGGRESSIVE;
				GCC_WARN_UNUSED_FUNCTION = YES;
				GCC_WARN_UNUSED_VARIABLE = YES;
				IPHONEOS_DEPLOYMENT_TARGET = 9.0;
				MTL_ENABLE_DEBUG_INFO = NO;
				SDKROOT = iphoneos;
				VALIDATE_PRODUCT = YES;
			};
			name = Release;
		};
		063F3DD91BB59DBD00733BA3 /* Debug */ = {
			isa = XCBuildConfiguration;
			buildSettings = {
				ASSETCATALOG_COMPILER_APPICON_NAME = AppIcon;
				CODE_SIGN_IDENTITY = "iPhone Developer";
				INFOPLIST_FILE = "Web View/Info.plist";
				LD_RUNPATH_SEARCH_PATHS = "$(inherited) @executable_path/Frameworks";
				PRODUCT_BUNDLE_IDENTIFIER = "edu.lssu.Web-View";
				PRODUCT_NAME = "$(TARGET_NAME)";
			};
			name = Debug;
		};
		063F3DDA1BB59DBD00733BA3 /* Release */ = {
			isa = XCBuildConfiguration;
			buildSettings = {
				ASSETCATALOG_COMPILER_APPICON_NAME = AppIcon;
				CODE_SIGN_IDENTITY = "iPhone Developer";
				INFOPLIST_FILE = "Web View/Info.plist";
				LD_RUNPATH_SEARCH_PATHS = "$(inherited) @executable_path/Frameworks";
				PRODUCT_BUNDLE_IDENTIFIER = "edu.lssu.Web-View";
				PRODUCT_NAME = "$(TARGET_NAME)";
			};
			name = Release;
		};
		063F3DDC1BB59DBD00733BA3 /* Debug */ = {
			isa = XCBuildConfiguration;
			buildSettings = {
				BUNDLE_LOADER = "$(TEST_HOST)";
				INFOPLIST_FILE = "Web ViewTests/Info.plist";
				LD_RUNPATH_SEARCH_PATHS = "$(inherited) @executable_path/Frameworks @loader_path/Frameworks";
				PRODUCT_BUNDLE_IDENTIFIER = "edu.lssu.Web-ViewTests";
				PRODUCT_NAME = "$(TARGET_NAME)";
				TEST_HOST = "$(BUILT_PRODUCTS_DIR)/Web View.app/Web View";
			};
			name = Debug;
		};
		063F3DDD1BB59DBD00733BA3 /* Release */ = {
			isa = XCBuildConfiguration;
			buildSettings = {
				BUNDLE_LOADER = "$(TEST_HOST)";
				INFOPLIST_FILE = "Web ViewTests/Info.plist";
				LD_RUNPATH_SEARCH_PATHS = "$(inherited) @executable_path/Frameworks @loader_path/Frameworks";
				PRODUCT_BUNDLE_IDENTIFIER = "edu.lssu.Web-ViewTests";
				PRODUCT_NAME = "$(TARGET_NAME)";
				TEST_HOST = "$(BUILT_PRODUCTS_DIR)/Web View.app/Web View";
			};
			name = Release;
		};
		063F3DDF1BB59DBD00733BA3 /* Debug */ = {
			isa = XCBuildConfiguration;
			buildSettings = {
				INFOPLIST_FILE = "Web ViewUITests/Info.plist";
				LD_RUNPATH_SEARCH_PATHS = "$(inherited) @executable_path/Frameworks @loader_path/Frameworks";
				PRODUCT_BUNDLE_IDENTIFIER = "edu.lssu.Web-ViewUITests";
				PRODUCT_NAME = "$(TARGET_NAME)";
				TEST_TARGET_NAME = "Web View";
				USES_XCTRUNNER = YES;
			};
			name = Debug;
		};
		063F3DE01BB59DBD00733BA3 /* Release */ = {
			isa = XCBuildConfiguration;
			buildSettings = {
				INFOPLIST_FILE = "Web ViewUITests/Info.plist";
				LD_RUNPATH_SEARCH_PATHS = "$(inherited) @executable_path/Frameworks @loader_path/Frameworks";
				PRODUCT_BUNDLE_IDENTIFIER = "edu.lssu.Web-ViewUITests";
				PRODUCT_NAME = "$(TARGET_NAME)";
				TEST_TARGET_NAME = "Web View";
				USES_XCTRUNNER = YES;
			};
			name = Release;
		};
/* End XCBuildConfiguration section */

/* Begin XCConfigurationList section */
		063F3DAB1BB59DBD00733BA3 /* Build configuration list for PBXProject "Web View" */ = {
			isa = XCConfigurationList;
			buildConfigurations = (
				063F3DD61BB59DBD00733BA3 /* Debug */,
				063F3DD71BB59DBD00733BA3 /* Release */,
			);
			defaultConfigurationIsVisible = 0;
			defaultConfigurationName = Release;
		};
		063F3DD81BB59DBD00733BA3 /* Build configuration list for PBXNativeTarget "Web View" */ = {
			isa = XCConfigurationList;
			buildConfigurations = (
				063F3DD91BB59DBD00733BA3 /* Debug */,
				063F3DDA1BB59DBD00733BA3 /* Release */,
			);
			defaultConfigurationIsVisible = 0;
		};
		063F3DDB1BB59DBD00733BA3 /* Build configuration list for PBXNativeTarget "Web ViewTests" */ = {
			isa = XCConfigurationList;
			buildConfigurations = (
				063F3DDC1BB59DBD00733BA3 /* Debug */,
				063F3DDD1BB59DBD00733BA3 /* Release */,
			);
			defaultConfigurationIsVisible = 0;
		};
		063F3DDE1BB59DBD00733BA3 /* Build configuration list for PBXNativeTarget "Web ViewUITests" */ = {
			isa = XCConfigurationList;
			buildConfigurations = (
				063F3DDF1BB59DBD00733BA3 /* Debug */,
				063F3DE01BB59DBD00733BA3 /* Release */,
			);
			defaultConfigurationIsVisible = 0;
		};
/* End XCConfigurationList section */
	};
	rootObject = 063F3DA81BB59DBD00733BA3 /* Project object */;
}
