// !$*UTF8*$!
{
	archiveVersion = 1;
	classes = {
	};
	objectVersion = 46;
	objects = {

/* Begin PBXBuildFile section */
		0625A6171D803B90001E0C65 /* main.cpp in Sources */ = {isa = PBXBuildFile; fileRef = 0625A6161D803B90001E0C65 /* main.cpp */; };
		0625A6201D803BB4001E0C65 /* SDL2_image.framework in Frameworks */ = {isa = PBXBuildFile; fileRef = 0625A61D1D803BB4001E0C65 /* SDL2_image.framework */; };
		0625A6211D803BB4001E0C65 /* SDL2_mixer.framework in Frameworks */ = {isa = PBXBuildFile; fileRef = 0625A61E1D803BB4001E0C65 /* SDL2_mixer.framework */; };
		0625A6221D803BB4001E0C65 /* SDL2.framework in Frameworks */ = {isa = PBXBuildFile; fileRef = 0625A61F1D803BB4001E0C65 /* SDL2.framework */; };
/* End PBXBuildFile section */

/* Begin PBXCopyFilesBuildPhase section */
		0625A6111D803B90001E0C65 /* CopyFiles */ = {
			isa = PBXCopyFilesBuildPhase;
			buildActionMask = 2147483647;
			dstPath = /usr/share/man/man1/;
			dstSubfolderSpec = 0;
			files = (
			);
			runOnlyForDeploymentPostprocessing = 1;
		};
/* End PBXCopyFilesBuildPhase section */

/* Begin PBXFileReference section */
		0625A6131D803B90001E0C65 /* Animate */ = {isa = PBXFileReference; explicitFileType = "compiled.mach-o.executable"; includeInIndex = 0; path = Animate; sourceTree = BUILT_PRODUCTS_DIR; };
		0625A6161D803B90001E0C65 /* main.cpp */ = {isa = PBXFileReference; lastKnownFileType = sourcecode.cpp.cpp; path = main.cpp; sourceTree = "<group>"; };
		0625A61D1D803BB4001E0C65 /* SDL2_image.framework */ = {isa = PBXFileReference; lastKnownFileType = wrapper.framework; name = SDL2_image.framework; path = ../../../../../Library/Frameworks/SDL2_image.framework; sourceTree = "<group>"; };
		0625A61E1D803BB4001E0C65 /* SDL2_mixer.framework */ = {isa = PBXFileReference; lastKnownFileType = wrapper.framework; name = SDL2_mixer.framework; path = ../../../../../Library/Frameworks/SDL2_mixer.framework; sourceTree = "<group>"; };
		0625A61F1D803BB4001E0C65 /* SDL2.framework */ = {isa = PBXFileReference; lastKnownFileType = wrapper.framework; name = SDL2.framework; path = ../../../../../Library/Frameworks/SDL2.framework; sourceTree = "<group>"; };
/* End PBXFileReference section */

/* Begin PBXFrameworksBuildPhase section */
		0625A6101D803B90001E0C65 /* Frameworks */ = {
			isa = PBXFrameworksBuildPhase;
			buildActionMask = 2147483647;
			files = (
				0625A6201D803BB4001E0C65 /* SDL2_image.framework in Frameworks */,
				0625A6211D803BB4001E0C65 /* SDL2_mixer.framework in Frameworks */,
				0625A6221D803BB4001E0C65 /* SDL2.framework in Frameworks */,
			);
			runOnlyForDeploymentPostprocessing = 0;
		};
/* End PBXFrameworksBuildPhase section */

/* Begin PBXGroup section */
		0625A60A1D803B90001E0C65 = {
			isa = PBXGroup;
			children = (
				0625A61D1D803BB4001E0C65 /* SDL2_image.framework */,
				0625A61E1D803BB4001E0C65 /* SDL2_mixer.framework */,
				0625A61F1D803BB4001E0C65 /* SDL2.framework */,
				0625A6151D803B90001E0C65 /* Animate */,
				0625A6141D803B90001E0C65 /* Products */,
			);
			sourceTree = "<group>";
		};
		0625A6141D803B90001E0C65 /* Products */ = {
			isa = PBXGroup;
			children = (
				0625A6131D803B90001E0C65 /* Animate */,
			);
			name = Products;
			sourceTree = "<group>";
		};
		0625A6151D803B90001E0C65 /* Animate */ = {
			isa = PBXGroup;
			children = (
				0625A6161D803B90001E0C65 /* main.cpp */,
			);
			path = Animate;
			sourceTree = "<group>";
		};
/* End PBXGroup section */

/* Begin PBXNativeTarget section */
		0625A6121D803B90001E0C65 /* Animate */ = {
			isa = PBXNativeTarget;
			buildConfigurationList = 0625A61A1D803B90001E0C65 /* Build configuration list for PBXNativeTarget "Animate" */;
			buildPhases = (
				0625A60F1D803B90001E0C65 /* Sources */,
				0625A6101D803B90001E0C65 /* Frameworks */,
				0625A6111D803B90001E0C65 /* CopyFiles */,
			);
			buildRules = (
			);
			dependencies = (
			);
			name = Animate;
			productName = Animate;
			productReference = 0625A6131D803B90001E0C65 /* Animate */;
			productType = "com.apple.product-type.tool";
		};
/* End PBXNativeTarget section */

/* Begin PBXProject section */
		0625A60B1D803B90001E0C65 /* Project object */ = {
			isa = PBXProject;
			attributes = {
				LastUpgradeCheck = 0730;
				ORGANIZATIONNAME = "Sean Tesch";
				TargetAttributes = {
					0625A6121D803B90001E0C65 = {
						CreatedOnToolsVersion = 7.3.1;
					};
				};
			};
			buildConfigurationList = 0625A60E1D803B90001E0C65 /* Build configuration list for PBXProject "Animate" */;
			compatibilityVersion = "Xcode 3.2";
			developmentRegion = English;
			hasScannedForEncodings = 0;
			knownRegions = (
				en,
			);
			mainGroup = 0625A60A1D803B90001E0C65;
			productRefGroup = 0625A6141D803B90001E0C65 /* Products */;
			projectDirPath = "";
			projectRoot = "";
			targets = (
				0625A6121D803B90001E0C65 /* Animate */,
			);
		};
/* End PBXProject section */

/* Begin PBXSourcesBuildPhase section */
		0625A60F1D803B90001E0C65 /* Sources */ = {
			isa = PBXSourcesBuildPhase;
			buildActionMask = 2147483647;
			files = (
				0625A6171D803B90001E0C65 /* main.cpp in Sources */,
			);
			runOnlyForDeploymentPostprocessing = 0;
		};
/* End PBXSourcesBuildPhase section */

/* Begin XCBuildConfiguration section */
		0625A6181D803B90001E0C65 /* Debug */ = {
			isa = XCBuildConfiguration;
			buildSettings = {
				ALWAYS_SEARCH_USER_PATHS = NO;
				CLANG_ANALYZER_NONNULL = YES;
				CLANG_CXX_LANGUAGE_STANDARD = "gnu++0x";
				CLANG_CXX_LIBRARY = "libc++";
				CLANG_ENABLE_MODULES = YES;
				CLANG_ENABLE_OBJC_ARC = YES;
				CLANG_WARN_BOOL_CONVERSION = YES;
				CLANG_WARN_CONSTANT_CONVERSION = YES;
				CLANG_WARN_DIRECT_OBJC_ISA_USAGE = YES_ERROR;
				CLANG_WARN_EMPTY_BODY = YES;
				CLANG_WARN_ENUM_CONVERSION = YES;
				CLANG_WARN_INT_CONVERSION = YES;
				CLANG_WARN_OBJC_ROOT_CLASS = YES_ERROR;
				CLANG_WARN_UNREACHABLE_CODE = YES;
				CLANG_WARN__DUPLICATE_METHOD_MATCH = YES;
				CODE_SIGN_IDENTITY = "-";
				COPY_PHASE_STRIP = NO;
				DEBUG_INFORMATION_FORMAT = dwarf;
				ENABLE_STRICT_OBJC_MSGSEND = YES;
				ENABLE_TESTABILITY = YES;
				GCC_C_LANGUAGE_STANDARD = gnu99;
				GCC_DYNAMIC_NO_PIC = NO;
				GCC_NO_COMMON_BLOCKS = YES;
				GCC_OPTIMIZATION_LEVEL = 0;
				GCC_PREPROCESSOR_DEFINITIONS = (
					"DEBUG=1",
					"$(inherited)",
				);
				GCC_WARN_64_TO_32_BIT_CONVERSION = YES;
				GCC_WARN_ABOUT_RETURN_TYPE = YES_ERROR;
				GCC_WARN_UNDECLARED_SELECTOR = YES;
				GCC_WARN_UNINITIALIZED_AUTOS = YES_AGGRESSIVE;
				GCC_WARN_UNUSED_FUNCTION = YES;
				GCC_WARN_UNUSED_VARIABLE = YES;
				MACOSX_DEPLOYMENT_TARGET = 10.11;
				MTL_ENABLE_DEBUG_INFO = YES;
				ONLY_ACTIVE_ARCH = YES;
				SDKROOT = macosx;
			};
			name = Debug;
		};
		0625A6191D803B90001E0C65 /* Release */ = {
			isa = XCBuildConfiguration;
			buildSettings = {
				ALWAYS_SEARCH_USER_PATHS = NO;
				CLANG_ANALYZER_NONNULL = YES;
				CLANG_CXX_LANGUAGE_STANDARD = "gnu++0x";
				CLANG_CXX_LIBRARY = "libc++";
				CLANG_ENABLE_MODULES = YES;
				CLANG_ENABLE_OBJC_ARC = YES;
				CLANG_WARN_BOOL_CONVERSION = YES;
				CLANG_WARN_CONSTANT_CONVERSION = YES;
				CLANG_WARN_DIRECT_OBJC_ISA_USAGE = YES_ERROR;
				CLANG_WARN_EMPTY_BODY = YES;
				CLANG_WARN_ENUM_CONVERSION = YES;
				CLANG_WARN_INT_CONVERSION = YES;
				CLANG_WARN_OBJC_ROOT_CLASS = YES_ERROR;
				CLANG_WARN_UNREACHABLE_CODE = YES;
				CLANG_WARN__DUPLICATE_METHOD_MATCH = YES;
				CODE_SIGN_IDENTITY = "-";
				COPY_PHASE_STRIP = NO;
				DEBUG_INFORMATION_FORMAT = "dwarf-with-dsym";
				ENABLE_NS_ASSERTIONS = NO;
				ENABLE_STRICT_OBJC_MSGSEND = YES;
				GCC_C_LANGUAGE_STANDARD = gnu99;
				GCC_NO_COMMON_BLOCKS = YES;
				GCC_WARN_64_TO_32_BIT_CONVERSION = YES;
				GCC_WARN_ABOUT_RETURN_TYPE = YES_ERROR;
				GCC_WARN_UNDECLARED_SELECTOR = YES;
				GCC_WARN_UNINITIALIZED_AUTOS = YES_AGGRESSIVE;
				GCC_WARN_UNUSED_FUNCTION = YES;
				GCC_WARN_UNUSED_VARIABLE = YES;
				MACOSX_DEPLOYMENT_TARGET = 10.11;
				MTL_ENABLE_DEBUG_INFO = NO;
				SDKROOT = macosx;
			};
			name = Release;
		};
		0625A61B1D803B90001E0C65 /* Debug */ = {
			isa = XCBuildConfiguration;
			buildSettings = {
				FRAMEWORK_SEARCH_PATHS = (
					"$(inherited)",
					"$(LOCAL_LIBRARY_DIR)/Frameworks",
				);
				PRODUCT_NAME = "$(TARGET_NAME)";
			};
			name = Debug;
		};
		0625A61C1D803B90001E0C65 /* Release */ = {
			isa = XCBuildConfiguration;
			buildSettings = {
				FRAMEWORK_SEARCH_PATHS = (
					"$(inherited)",
					"$(LOCAL_LIBRARY_DIR)/Frameworks",
				);
				PRODUCT_NAME = "$(TARGET_NAME)";
			};
			name = Release;
		};
/* End XCBuildConfiguration section */

/* Begin XCConfigurationList section */
		0625A60E1D803B90001E0C65 /* Build configuration list for PBXProject "Animate" */ = {
			isa = XCConfigurationList;
			buildConfigurations = (
				0625A6181D803B90001E0C65 /* Debug */,
				0625A6191D803B90001E0C65 /* Release */,
			);
			defaultConfigurationIsVisible = 0;
			defaultConfigurationName = Release;
		};
		0625A61A1D803B90001E0C65 /* Build configuration list for PBXNativeTarget "Animate" */ = {
			isa = XCConfigurationList;
			buildConfigurations = (
				0625A61B1D803B90001E0C65 /* Debug */,
				0625A61C1D803B90001E0C65 /* Release */,
			);
			defaultConfigurationIsVisible = 0;
		};
/* End XCConfigurationList section */
	};
	rootObject = 0625A60B1D803B90001E0C65 /* Project object */;
}
