// !$*UTF8*$!
{
	archiveVersion = 1;
	classes = {
	};
	objectVersion = 46;
	objects = {

/* Begin PBXBuildFile section */
		06264C9A1BD6B5DF0092ED17 /* AppDelegate.swift in Sources */ = {isa = PBXBuildFile; fileRef = 06264C991BD6B5DF0092ED17 /* AppDelegate.swift */; };
		06264C9C1BD6B5DF0092ED17 /* ViewController.swift in Sources */ = {isa = PBXBuildFile; fileRef = 06264C9B1BD6B5DF0092ED17 /* ViewController.swift */; };
		06264C9F1BD6B5DF0092ED17 /* Main.storyboard in Resources */ = {isa = PBXBuildFile; fileRef = 06264C9D1BD6B5DF0092ED17 /* Main.storyboard */; };
		06264CA11BD6B5DF0092ED17 /* Assets.xcassets in Resources */ = {isa = PBXBuildFile; fileRef = 06264CA01BD6B5DF0092ED17 /* Assets.xcassets */; };
		06264CA41BD6B5DF0092ED17 /* LaunchScreen.storyboard in Resources */ = {isa = PBXBuildFile; fileRef = 06264CA21BD6B5DF0092ED17 /* LaunchScreen.storyboard */; };
		06264CAC1BD852F40092ED17 /* Buzzer.mp3 in Resources */ = {isa = PBXBuildFile; fileRef = 06264CAB1BD852F40092ED17 /* Buzzer.mp3 */; settings = {ASSET_TAGS = (); }; };
/* End PBXBuildFile section */

/* Begin PBXFileReference section */
		06264C961BD6B5DF0092ED17 /* Basketball Timer.app */ = {isa = PBXFileReference; explicitFileType = wrapper.application; includeInIndex = 0; path = "Basketball Timer.app"; sourceTree = BUILT_PRODUCTS_DIR; };
		06264C991BD6B5DF0092ED17 /* AppDelegate.swift */ = {isa = PBXFileReference; lastKnownFileType = sourcecode.swift; path = AppDelegate.swift; sourceTree = "<group>"; };
		06264C9B1BD6B5DF0092ED17 /* ViewController.swift */ = {isa = PBXFileReference; lastKnownFileType = sourcecode.swift; path = ViewController.swift; sourceTree = "<group>"; };
		06264C9E1BD6B5DF0092ED17 /* Base */ = {isa = PBXFileReference; lastKnownFileType = file.storyboard; name = Base; path = Base.lproj/Main.storyboard; sourceTree = "<group>"; };
		06264CA01BD6B5DF0092ED17 /* Assets.xcassets */ = {isa = PBXFileReference; lastKnownFileType = folder.assetcatalog; path = Assets.xcassets; sourceTree = "<group>"; };
		06264CA31BD6B5DF0092ED17 /* Base */ = {isa = PBXFileReference; lastKnownFileType = file.storyboard; name = Base; path = Base.lproj/LaunchScreen.storyboard; sourceTree = "<group>"; };
		06264CA51BD6B5DF0092ED17 /* Info.plist */ = {isa = PBXFileReference; lastKnownFileType = text.plist.xml; path = Info.plist; sourceTree = "<group>"; };
		06264CAB1BD852F40092ED17 /* Buzzer.mp3 */ = {isa = PBXFileReference; lastKnownFileType = audio.mp3; path = Buzzer.mp3; sourceTree = "<group>"; };
/* End PBXFileReference section */

/* Begin PBXFrameworksBuildPhase section */
		06264C931BD6B5DF0092ED17 /* Frameworks */ = {
			isa = PBXFrameworksBuildPhase;
			buildActionMask = 2147483647;
			files = (
			);
			runOnlyForDeploymentPostprocessing = 0;
		};
/* End PBXFrameworksBuildPhase section */

/* Begin PBXGroup section */
		06264C8D1BD6B5DF0092ED17 = {
			isa = PBXGroup;
			children = (
				06264C981BD6B5DF0092ED17 /* Basketball Timer */,
				06264C971BD6B5DF0092ED17 /* Products */,
			);
			sourceTree = "<group>";
		};
		06264C971BD6B5DF0092ED17 /* Products */ = {
			isa = PBXGroup;
			children = (
				06264C961BD6B5DF0092ED17 /* Basketball Timer.app */,
			);
			name = Products;
			sourceTree = "<group>";
		};
		06264C981BD6B5DF0092ED17 /* Basketball Timer */ = {
			isa = PBXGroup;
			children = (
				06264C991BD6B5DF0092ED17 /* AppDelegate.swift */,
				06264C9B1BD6B5DF0092ED17 /* ViewController.swift */,
				06264C9D1BD6B5DF0092ED17 /* Main.storyboard */,
				06264CAB1BD852F40092ED17 /* Buzzer.mp3 */,
				06264CA01BD6B5DF0092ED17 /* Assets.xcassets */,
				06264CA21BD6B5DF0092ED17 /* LaunchScreen.storyboard */,
				06264CA51BD6B5DF0092ED17 /* Info.plist */,
			);
			path = "Basketball Timer";
			sourceTree = "<group>";
		};
/* End PBXGroup section */

/* Begin PBXNativeTarget section */
		06264C951BD6B5DF0092ED17 /* Basketball Timer */ = {
			isa = PBXNativeTarget;
			buildConfigurationList = 06264CA81BD6B5DF0092ED17 /* Build configuration list for PBXNativeTarget "Basketball Timer" */;
			buildPhases = (
				06264C921BD6B5DF0092ED17 /* Sources */,
				06264C931BD6B5DF0092ED17 /* Frameworks */,
				06264C941BD6B5DF0092ED17 /* Resources */,
			);
			buildRules = (
			);
			dependencies = (
			);
			name = "Basketball Timer";
			productName = "Basketball Timer";
			productReference = 06264C961BD6B5DF0092ED17 /* Basketball Timer.app */;
			productType = "com.apple.product-type.application";
		};
/* End PBXNativeTarget section */

/* Begin PBXProject section */
		06264C8E1BD6B5DF0092ED17 /* Project object */ = {
			isa = PBXProject;
			attributes = {
				LastUpgradeCheck = 0700;
				ORGANIZATIONNAME = "Sean Tesch";
				TargetAttributes = {
					06264C951BD6B5DF0092ED17 = {
						CreatedOnToolsVersion = 7.0.1;
						DevelopmentTeam = 574BASQ9QP;
					};
				};
			};
			buildConfigurationList = 06264C911BD6B5DF0092ED17 /* Build configuration list for PBXProject "Basketball Timer" */;
			compatibilityVersion = "Xcode 3.2";
			developmentRegion = English;
			hasScannedForEncodings = 0;
			knownRegions = (
				en,
				Base,
			);
			mainGroup = 06264C8D1BD6B5DF0092ED17;
			productRefGroup = 06264C971BD6B5DF0092ED17 /* Products */;
			projectDirPath = "";
			projectRoot = "";
			targets = (
				06264C951BD6B5DF0092ED17 /* Basketball Timer */,
			);
		};
/* End PBXProject section */

/* Begin PBXResourcesBuildPhase section */
		06264C941BD6B5DF0092ED17 /* Resources */ = {
			isa = PBXResourcesBuildPhase;
			buildActionMask = 2147483647;
			files = (
				06264CA41BD6B5DF0092ED17 /* LaunchScreen.storyboard in Resources */,
				06264CA11BD6B5DF0092ED17 /* Assets.xcassets in Resources */,
				06264CAC1BD852F40092ED17 /* Buzzer.mp3 in Resources */,
				06264C9F1BD6B5DF0092ED17 /* Main.storyboard in Resources */,
			);
			runOnlyForDeploymentPostprocessing = 0;
		};
/* End PBXResourcesBuildPhase section */

/* Begin PBXSourcesBuildPhase section */
		06264C921BD6B5DF0092ED17 /* Sources */ = {
			isa = PBXSourcesBuildPhase;
			buildActionMask = 2147483647;
			files = (
				06264C9C1BD6B5DF0092ED17 /* ViewController.swift in Sources */,
				06264C9A1BD6B5DF0092ED17 /* AppDelegate.swift in Sources */,
			);
			runOnlyForDeploymentPostprocessing = 0;
		};
/* End PBXSourcesBuildPhase section */

/* Begin PBXVariantGroup section */
		06264C9D1BD6B5DF0092ED17 /* Main.storyboard */ = {
			isa = PBXVariantGroup;
			children = (
				06264C9E1BD6B5DF0092ED17 /* Base */,
			);
			name = Main.storyboard;
			sourceTree = "<group>";
		};
		06264CA21BD6B5DF0092ED17 /* LaunchScreen.storyboard */ = {
			isa = PBXVariantGroup;
			children = (
				06264CA31BD6B5DF0092ED17 /* Base */,
			);
			name = LaunchScreen.storyboard;
			sourceTree = "<group>";
		};
/* End PBXVariantGroup section */

/* Begin XCBuildConfiguration section */
		06264CA61BD6B5DF0092ED17 /* Debug */ = {
			isa = XCBuildConfiguration;
			buildSettings = {
				ALWAYS_SEARCH_USER_PATHS = NO;
				CLANG_CXX_LANGUAGE_STANDARD = "gnu++0x";
				CLANG_CXX_LIBRARY = "libc++";
				CLANG_ENABLE_MODULES = YES;
				CLANG_ENABLE_OBJC_ARC = YES;
				CLANG_WARN_BOOL_CONVERSION = YES;
				CLANG_WARN_CONSTANT_CONVERSION = YES;
				CLANG_WARN_DIRECT_OBJC_ISA_USAGE = YES_ERROR;
				CLANG_WARN_EMPTY_BODY = YES;
				CLANG_WARN_ENUM_CONVERSION = YES;
				CLANG_WARN_INT_CONVERSION = YES;
				CLANG_WARN_OBJC_ROOT_CLASS = YES_ERROR;
				CLANG_WARN_UNREACHABLE_CODE = YES;
				CLANG_WARN__DUPLICATE_METHOD_MATCH = YES;
				"CODE_SIGN_IDENTITY[sdk=iphoneos*]" = "iPhone Developer";
				COPY_PHASE_STRIP = NO;
				DEBUG_INFORMATION_FORMAT = dwarf;
				ENABLE_STRICT_OBJC_MSGSEND = YES;
				ENABLE_TESTABILITY = YES;
				GCC_C_LANGUAGE_STANDARD = gnu99;
				GCC_DYNAMIC_NO_PIC = NO;
				GCC_NO_COMMON_BLOCKS = YES;
				GCC_OPTIMIZATION_LEVEL = 0;
				GCC_PREPROCESSOR_DEFINITIONS = (
					"DEBUG=1",
					"$(inherited)",
				);
				GCC_WARN_64_TO_32_BIT_CONVERSION = YES;
				GCC_WARN_ABOUT_RETURN_TYPE = YES_ERROR;
				GCC_WARN_UNDECLARED_SELECTOR = YES;
				GCC_WARN_UNINITIALIZED_AUTOS = YES_AGGRESSIVE;
				GCC_WARN_UNUSED_FUNCTION = YES;
				GCC_WARN_UNUSED_VARIABLE = YES;
				IPHONEOS_DEPLOYMENT_TARGET = 9.0;
				MTL_ENABLE_DEBUG_INFO = YES;
				ONLY_ACTIVE_ARCH = YES;
				SDKROOT = iphoneos;
				SWIFT_OPTIMIZATION_LEVEL = "-Onone";
			};
			name = Debug;
		};
		06264CA71BD6B5DF0092ED17 /* Release */ = {
			isa = XCBuildConfiguration;
			buildSettings = {
				ALWAYS_SEARCH_USER_PATHS = NO;
				CLANG_CXX_LANGUAGE_STANDARD = "gnu++0x";
				CLANG_CXX_LIBRARY = "libc++";
				CLANG_ENABLE_MODULES = YES;
				CLANG_ENABLE_OBJC_ARC = YES;
				CLANG_WARN_BOOL_CONVERSION = YES;
				CLANG_WARN_CONSTANT_CONVERSION = YES;
				CLANG_WARN_DIRECT_OBJC_ISA_USAGE = YES_ERROR;
				CLANG_WARN_EMPTY_BODY = YES;
				CLANG_WARN_ENUM_CONVERSION = YES;
				CLANG_WARN_INT_CONVERSION = YES;
				CLANG_WARN_OBJC_ROOT_CLASS = YES_ERROR;
				CLANG_WARN_UNREACHABLE_CODE = YES;
				CLANG_WARN__DUPLICATE_METHOD_MATCH = YES;
				"CODE_SIGN_IDENTITY[sdk=iphoneos*]" = "iPhone Developer";
				COPY_PHASE_STRIP = NO;
				DEBUG_INFORMATION_FORMAT = "dwarf-with-dsym";
				ENABLE_NS_ASSERTIONS = NO;
				ENABLE_STRICT_OBJC_MSGSEND = YES;
				GCC_C_LANGUAGE_STANDARD = gnu99;
				GCC_NO_COMMON_BLOCKS = YES;
				GCC_WARN_64_TO_32_BIT_CONVERSION = YES;
				GCC_WARN_ABOUT_RETURN_TYPE = YES_ERROR;
				GCC_WARN_UNDECLARED_SELECTOR = YES;
				GCC_WARN_UNINITIALIZED_AUTOS = YES_AGGRESSIVE;
				GCC_WARN_UNUSED_FUNCTION = YES;
				GCC_WARN_UNUSED_VARIABLE = YES;
				IPHONEOS_DEPLOYMENT_TARGET = 9.0;
				MTL_ENABLE_DEBUG_INFO = NO;
				SDKROOT = iphoneos;
				VALIDATE_PRODUCT = YES;
			};
			name = Release;
		};
		06264CA91BD6B5DF0092ED17 /* Debug */ = {
			isa = XCBuildConfiguration;
			buildSettings = {
				ASSETCATALOG_COMPILER_APPICON_NAME = AppIcon;
				CODE_SIGN_IDENTITY = "iPhone Developer";
				INFOPLIST_FILE = "Basketball Timer/Info.plist";
				LD_RUNPATH_SEARCH_PATHS = "$(inherited) @executable_path/Frameworks";
				PRODUCT_BUNDLE_IDENTIFIER = "edu.lssu.Basketball-Timer";
				PRODUCT_NAME = "$(TARGET_NAME)";
			};
			name = Debug;
		};
		06264CAA1BD6B5DF0092ED17 /* Release */ = {
			isa = XCBuildConfiguration;
			buildSettings = {
				ASSETCATALOG_COMPILER_APPICON_NAME = AppIcon;
				CODE_SIGN_IDENTITY = "iPhone Developer";
				INFOPLIST_FILE = "Basketball Timer/Info.plist";
				LD_RUNPATH_SEARCH_PATHS = "$(inherited) @executable_path/Frameworks";
				PRODUCT_BUNDLE_IDENTIFIER = "edu.lssu.Basketball-Timer";
				PRODUCT_NAME = "$(TARGET_NAME)";
			};
			name = Release;
		};
/* End XCBuildConfiguration section */

/* Begin XCConfigurationList section */
		06264C911BD6B5DF0092ED17 /* Build configuration list for PBXProject "Basketball Timer" */ = {
			isa = XCConfigurationList;
			buildConfigurations = (
				06264CA61BD6B5DF0092ED17 /* Debug */,
				06264CA71BD6B5DF0092ED17 /* Release */,
			);
			defaultConfigurationIsVisible = 0;
			defaultConfigurationName = Release;
		};
		06264CA81BD6B5DF0092ED17 /* Build configuration list for PBXNativeTarget "Basketball Timer" */ = {
			isa = XCConfigurationList;
			buildConfigurations = (
				06264CA91BD6B5DF0092ED17 /* Debug */,
				06264CAA1BD6B5DF0092ED17 /* Release */,
			);
			defaultConfigurationIsVisible = 0;
		};
/* End XCConfigurationList section */
	};
	rootObject = 06264C8E1BD6B5DF0092ED17 /* Project object */;
}
